// !$*UTF8*$!
{
	archiveVersion = 1;
	classes = {
	};
	objectVersion = 50;
	objects = {

/* Begin PBXBuildFile section */
		20851F462189D4BF004F1F6A /* AppDelegate.swift in Sources */ = {isa = PBXBuildFile; fileRef = 20851F452189D4BF004F1F6A /* AppDelegate.swift */; };
		20851F482189D4BF004F1F6A /* ViewController.swift in Sources */ = {isa = PBXBuildFile; fileRef = 20851F472189D4BF004F1F6A /* ViewController.swift */; };
		20851F4B2189D4BF004F1F6A /* Main.storyboard in Resources */ = {isa = PBXBuildFile; fileRef = 20851F492189D4BF004F1F6A /* Main.storyboard */; };
		20851F4D2189D4C2004F1F6A /* Assets.xcassets in Resources */ = {isa = PBXBuildFile; fileRef = 20851F4C2189D4C2004F1F6A /* Assets.xcassets */; };
		20851F502189D4C2004F1F6A /* LaunchScreen.storyboard in Resources */ = {isa = PBXBuildFile; fileRef = 20851F4E2189D4C2004F1F6A /* LaunchScreen.storyboard */; };
		20851F582189D507004F1F6A /* SavingTableViewController.swift in Sources */ = {isa = PBXBuildFile; fileRef = 20851F572189D507004F1F6A /* SavingTableViewController.swift */; };
/* End PBXBuildFile section */

/* Begin PBXFileReference section */
		20851F422189D4BF004F1F6A /* MyBudgetPlanner.app */ = {isa = PBXFileReference; explicitFileType = wrapper.application; includeInIndex = 0; path = MyBudgetPlanner.app; sourceTree = BUILT_PRODUCTS_DIR; };
		20851F452189D4BF004F1F6A /* AppDelegate.swift */ = {isa = PBXFileReference; lastKnownFileType = sourcecode.swift; path = AppDelegate.swift; sourceTree = "<group>"; };
		20851F472189D4BF004F1F6A /* ViewController.swift */ = {isa = PBXFileReference; lastKnownFileType = sourcecode.swift; path = ViewController.swift; sourceTree = "<group>"; };
		20851F4A2189D4BF004F1F6A /* Base */ = {isa = PBXFileReference; lastKnownFileType = file.storyboard; name = Base; path = Base.lproj/Main.storyboard; sourceTree = "<group>"; };
		20851F4C2189D4C2004F1F6A /* Assets.xcassets */ = {isa = PBXFileReference; lastKnownFileType = folder.assetcatalog; path = Assets.xcassets; sourceTree = "<group>"; };
		20851F4F2189D4C2004F1F6A /* Base */ = {isa = PBXFileReference; lastKnownFileType = file.storyboard; name = Base; path = Base.lproj/LaunchScreen.storyboard; sourceTree = "<group>"; };
		20851F512189D4C2004F1F6A /* Info.plist */ = {isa = PBXFileReference; lastKnownFileType = text.plist.xml; path = Info.plist; sourceTree = "<group>"; };
		20851F572189D507004F1F6A /* SavingTableViewController.swift */ = {isa = PBXFileReference; lastKnownFileType = sourcecode.swift; path = SavingTableViewController.swift; sourceTree = "<group>"; };
/* End PBXFileReference section */

/* Begin PBXFrameworksBuildPhase section */
		20851F3F2189D4BF004F1F6A /* Frameworks */ = {
			isa = PBXFrameworksBuildPhase;
			buildActionMask = 2147483647;
			files = (
			);
			runOnlyForDeploymentPostprocessing = 0;
		};
/* End PBXFrameworksBuildPhase section */

/* Begin PBXGroup section */
		20851F392189D4BF004F1F6A = {
			isa = PBXGroup;
			children = (
				20851F442189D4BF004F1F6A /* MyBudgetPlanner */,
				20851F432189D4BF004F1F6A /* Products */,
			);
			sourceTree = "<group>";
		};
		20851F432189D4BF004F1F6A /* Products */ = {
			isa = PBXGroup;
			children = (
				20851F422189D4BF004F1F6A /* MyBudgetPlanner.app */,
			);
			name = Products;
			sourceTree = "<group>";
		};
		20851F442189D4BF004F1F6A /* MyBudgetPlanner */ = {
			isa = PBXGroup;
			children = (
				20851F452189D4BF004F1F6A /* AppDelegate.swift */,
				20851F472189D4BF004F1F6A /* ViewController.swift */,
				20851F492189D4BF004F1F6A /* Main.storyboard */,
				20851F4C2189D4C2004F1F6A /* Assets.xcassets */,
				20851F4E2189D4C2004F1F6A /* LaunchScreen.storyboard */,
				20851F512189D4C2004F1F6A /* Info.plist */,
				20851F572189D507004F1F6A /* SavingTableViewController.swift */,
			);
			path = MyBudgetPlanner;
			sourceTree = "<group>";
		};
/* End PBXGroup section */

/* Begin PBXNativeTarget section */
		20851F412189D4BF004F1F6A /* MyBudgetPlanner */ = {
			isa = PBXNativeTarget;
			buildConfigurationList = 20851F542189D4C2004F1F6A /* Build configuration list for PBXNativeTarget "MyBudgetPlanner" */;
			buildPhases = (
				20851F3E2189D4BF004F1F6A /* Sources */,
				20851F3F2189D4BF004F1F6A /* Frameworks */,
				20851F402189D4BF004F1F6A /* Resources */,
			);
			buildRules = (
			);
			dependencies = (
			);
			name = MyBudgetPlanner;
			productName = MyBudgetPlanner;
			productReference = 20851F422189D4BF004F1F6A /* MyBudgetPlanner.app */;
			productType = "com.apple.product-type.application";
		};
/* End PBXNativeTarget section */

/* Begin PBXProject section */
		20851F3A2189D4BF004F1F6A /* Project object */ = {
			isa = PBXProject;
			attributes = {
				LastSwiftUpdateCheck = 1000;
				LastUpgradeCheck = 1000;
				ORGANIZATIONNAME = nimol.js;
				TargetAttributes = {
					20851F412189D4BF004F1F6A = {
						CreatedOnToolsVersion = 10.0;
					};
				};
			};
			buildConfigurationList = 20851F3D2189D4BF004F1F6A /* Build configuration list for PBXProject "MyBudgetPlanner" */;
			compatibilityVersion = "Xcode 9.3";
			developmentRegion = en;
			hasScannedForEncodings = 0;
			knownRegions = (
				en,
				Base,
			);
			mainGroup = 20851F392189D4BF004F1F6A;
			productRefGroup = 20851F432189D4BF004F1F6A /* Products */;
			projectDirPath = "";
			projectRoot = "";
			targets = (
				20851F412189D4BF004F1F6A /* MyBudgetPlanner */,
			);
		};
/* End PBXProject section */

/* Begin PBXResourcesBuildPhase section */
		20851F402189D4BF004F1F6A /* Resources */ = {
			isa = PBXResourcesBuildPhase;
			buildActionMask = 2147483647;
			files = (
				20851F502189D4C2004F1F6A /* LaunchScreen.storyboard in Resources */,
				20851F4D2189D4C2004F1F6A /* Assets.xcassets in Resources */,
				20851F4B2189D4BF004F1F6A /* Main.storyboard in Resources */,
			);
			runOnlyForDeploymentPostprocessing = 0;
		};
/* End PBXResourcesBuildPhase section */

/* Begin PBXSourcesBuildPhase section */
		20851F3E2189D4BF004F1F6A /* Sources */ = {
			isa = PBXSourcesBuildPhase;
			buildActionMask = 2147483647;
			files = (
				20851F482189D4BF004F1F6A /* ViewController.swift in Sources */,
				20851F462189D4BF004F1F6A /* AppDelegate.swift in Sources */,
				20851F582189D507004F1F6A /* SavingTableViewController.swift in Sources */,
			);
			runOnlyForDeploymentPostprocessing = 0;
		};
/* End PBXSourcesBuildPhase section */

/* Begin PBXVariantGroup section */
		20851F492189D4BF004F1F6A /* Main.storyboard */ = {
			isa = PBXVariantGroup;
			children = (
				20851F4A2189D4BF004F1F6A /* Base */,
			);
			name = Main.storyboard;
			sourceTree = "<group>";
		};
		20851F4E2189D4C2004F1F6A /* LaunchScreen.storyboard */ = {
			isa = PBXVariantGroup;
			children = (
				20851F4F2189D4C2004F1F6A /* Base */,
			);
			name = LaunchScreen.storyboard;
			sourceTree = "<group>";
		};
/* End PBXVariantGroup section */

/* Begin XCBuildConfiguration section */
		20851F522189D4C2004F1F6A /* Debug */ = {
			isa = XCBuildConfiguration;
			buildSettings = {
				ALWAYS_SEARCH_USER_PATHS = NO;
				CLANG_ANALYZER_NONNULL = YES;
				CLANG_ANALYZER_NUMBER_OBJECT_CONVERSION = YES_AGGRESSIVE;
				CLANG_CXX_LANGUAGE_STANDARD = "gnu++14";
				CLANG_CXX_LIBRARY = "libc++";
				CLANG_ENABLE_MODULES = YES;
				CLANG_ENABLE_OBJC_ARC = YES;
				CLANG_ENABLE_OBJC_WEAK = YES;
				CLANG_WARN_BLOCK_CAPTURE_AUTORELEASING = YES;
				CLANG_WARN_BOOL_CONVERSION = YES;
				CLANG_WARN_COMMA = YES;
				CLANG_WARN_CONSTANT_CONVERSION = YES;
				CLANG_WARN_DEPRECATED_OBJC_IMPLEMENTATIONS = YES;
				CLANG_WARN_DIRECT_OBJC_ISA_USAGE = YES_ERROR;
				CLANG_WARN_DOCUMENTATION_COMMENTS = YES;
				CLANG_WARN_EMPTY_BODY = YES;
				CLANG_WARN_ENUM_CONVERSION = YES;
				CLANG_WARN_INFINITE_RECURSION = YES;
				CLANG_WARN_INT_CONVERSION = YES;
				CLANG_WARN_NON_LITERAL_NULL_CONVERSION = YES;
				CLANG_WARN_OBJC_IMPLICIT_RETAIN_SELF = YES;
				CLANG_WARN_OBJC_LITERAL_CONVERSION = YES;
				CLANG_WARN_OBJC_ROOT_CLASS = YES_ERROR;
				CLANG_WARN_RANGE_LOOP_ANALYSIS = YES;
				CLANG_WARN_STRICT_PROTOTYPES = YES;
				CLANG_WARN_SUSPICIOUS_MOVE = YES;
				CLANG_WARN_UNGUARDED_AVAILABILITY = YES_AGGRESSIVE;
				CLANG_WARN_UNREACHABLE_CODE = YES;
				CLANG_WARN__DUPLICATE_METHOD_MATCH = YES;
				CODE_SIGN_IDENTITY = "iPhone Developer";
				COPY_PHASE_STRIP = NO;
				DEBUG_INFORMATION_FORMAT = dwarf;
				ENABLE_STRICT_OBJC_MSGSEND = YES;
				ENABLE_TESTABILITY = YES;
				GCC_C_LANGUAGE_STANDARD = gnu11;
				GCC_DYNAMIC_NO_PIC = NO;
				GCC_NO_COMMON_BLOCKS = YES;
				GCC_OPTIMIZATION_LEVEL = 0;
				GCC_PREPROCESSOR_DEFINITIONS = (
					"DEBUG=1",
					"$(inherited)",
				);
				GCC_WARN_64_TO_32_BIT_CONVERSION = YES;
				GCC_WARN_ABOUT_RETURN_TYPE = YES_ERROR;
				GCC_WARN_UNDECLARED_SELECTOR = YES;
				GCC_WARN_UNINITIALIZED_AUTOS = YES_AGGRESSIVE;
				GCC_WARN_UNUSED_FUNCTION = YES;
				GCC_WARN_UNUSED_VARIABLE = YES;
				IPHONEOS_DEPLOYMENT_TARGET = 12.0;
				MTL_ENABLE_DEBUG_INFO = INCLUDE_SOURCE;
				MTL_FAST_MATH = YES;
				ONLY_ACTIVE_ARCH = YES;
				SDKROOT = iphoneos;
				SWIFT_ACTIVE_COMPILATION_CONDITIONS = DEBUG;
				SWIFT_OPTIMIZATION_LEVEL = "-Onone";
			};
			name = Debug;
		};
		20851F532189D4C2004F1F6A /* Release */ = {
			isa = XCBuildConfiguration;
			buildSettings = {
				ALWAYS_SEARCH_USER_PATHS = NO;
				CLANG_ANALYZER_NONNULL = YES;
				CLANG_ANALYZER_NUMBER_OBJECT_CONVERSION = YES_AGGRESSIVE;
				CLANG_CXX_LANGUAGE_STANDARD = "gnu++14";
				CLANG_CXX_LIBRARY = "libc++";
				CLANG_ENABLE_MODULES = YES;
				CLANG_ENABLE_OBJC_ARC = YES;
				CLANG_ENABLE_OBJC_WEAK = YES;
				CLANG_WARN_BLOCK_CAPTURE_AUTORELEASING = YES;
				CLANG_WARN_BOOL_CONVERSION = YES;
				CLANG_WARN_COMMA = YES;
				CLANG_WARN_CONSTANT_CONVERSION = YES;
				CLANG_WARN_DEPRECATED_OBJC_IMPLEMENTATIONS = YES;
				CLANG_WARN_DIRECT_OBJC_ISA_USAGE = YES_ERROR;
				CLANG_WARN_DOCUMENTATION_COMMENTS = YES;
				CLANG_WARN_EMPTY_BODY = YES;
				CLANG_WARN_ENUM_CONVERSION = YES;
				CLANG_WARN_INFINITE_RECURSION = YES;
				CLANG_WARN_INT_CONVERSION = YES;
				CLANG_WARN_NON_LITERAL_NULL_CONVERSION = YES;
				CLANG_WARN_OBJC_IMPLICIT_RETAIN_SELF = YES;
				CLANG_WARN_OBJC_LITERAL_CONVERSION = YES;
				CLANG_WARN_OBJC_ROOT_CLASS = YES_ERROR;
				CLANG_WARN_RANGE_LOOP_ANALYSIS = YES;
				CLANG_WARN_STRICT_PROTOTYPES = YES;
				CLANG_WARN_SUSPICIOUS_MOVE = YES;
				CLANG_WARN_UNGUARDED_AVAILABILITY = YES_AGGRESSIVE;
				CLANG_WARN_UNREACHABLE_CODE = YES;
				CLANG_WARN__DUPLICATE_METHOD_MATCH = YES;
				CODE_SIGN_IDENTITY = "iPhone Developer";
				COPY_PHASE_STRIP = NO;
				DEBUG_INFORMATION_FORMAT = "dwarf-with-dsym";
				ENABLE_NS_ASSERTIONS = NO;
				ENABLE_STRICT_OBJC_MSGSEND = YES;
				GCC_C_LANGUAGE_STANDARD = gnu11;
				GCC_NO_COMMON_BLOCKS = YES;
				GCC_WARN_64_TO_32_BIT_CONVERSION = YES;
				GCC_WARN_ABOUT_RETURN_TYPE = YES_ERROR;
				GCC_WARN_UNDECLARED_SELECTOR = YES;
				GCC_WARN_UNINITIALIZED_AUTOS = YES_AGGRESSIVE;
				GCC_WARN_UNUSED_FUNCTION = YES;
				GCC_WARN_UNUSED_VARIABLE = YES;
				IPHONEOS_DEPLOYMENT_TARGET = 12.0;
				MTL_ENABLE_DEBUG_INFO = NO;
				MTL_FAST_MATH = YES;
				SDKROOT = iphoneos;
				SWIFT_COMPILATION_MODE = wholemodule;
				SWIFT_OPTIMIZATION_LEVEL = "-O";
				VALIDATE_PRODUCT = YES;
			};
			name = Release;
		};
		20851F552189D4C2004F1F6A /* Debug */ = {
			isa = XCBuildConfiguration;
			buildSettings = {
				ASSETCATALOG_COMPILER_APPICON_NAME = AppIcon;
				CODE_SIGN_STYLE = Automatic;
				DEVELOPMENT_TEAM = 5MKN52L9UT;
				INFOPLIST_FILE = MyBudgetPlanner/Info.plist;
				LD_RUNPATH_SEARCH_PATHS = (
					"$(inherited)",
					"@executable_path/Frameworks",
				);
				PRODUCT_BUNDLE_IDENTIFIER = nimoljs.MyBudgetPlanner;
				PRODUCT_NAME = "$(TARGET_NAME)";
				SWIFT_VERSION = 4.2;
				TARGETED_DEVICE_FAMILY = "1,2";
			};
			name = Debug;
		};
		20851F562189D4C2004F1F6A /* Release */ = {
			isa = XCBuildConfiguration;
			buildSettings = {
				ASSETCATALOG_COMPILER_APPICON_NAME = AppIcon;
				CODE_SIGN_STYLE = Automatic;
				DEVELOPMENT_TEAM = 5MKN52L9UT;
				INFOPLIST_FILE = MyBudgetPlanner/Info.plist;
				LD_RUNPATH_SEARCH_PATHS = (
					"$(inherited)",
					"@executable_path/Frameworks",
				);
				PRODUCT_BUNDLE_IDENTIFIER = nimoljs.MyBudgetPlanner;
				PRODUCT_NAME = "$(TARGET_NAME)";
				SWIFT_VERSION = 4.2;
				TARGETED_DEVICE_FAMILY = "1,2";
			};
			name = Release;
		};
/* End XCBuildConfiguration section */

/* Begin XCConfigurationList section */
		20851F3D2189D4BF004F1F6A /* Build configuration list for PBXProject "MyBudgetPlanner" */ = {
			isa = XCConfigurationList;
			buildConfigurations = (
				20851F522189D4C2004F1F6A /* Debug */,
				20851F532189D4C2004F1F6A /* Release */,
			);
			defaultConfigurationIsVisible = 0;
			defaultConfigurationName = Release;
		};
		20851F542189D4C2004F1F6A /* Build configuration list for PBXNativeTarget "MyBudgetPlanner" */ = {
			isa = XCConfigurationList;
			buildConfigurations = (
				20851F552189D4C2004F1F6A /* Debug */,
				20851F562189D4C2004F1F6A /* Release */,
			);
			defaultConfigurationIsVisible = 0;
			defaultConfigurationName = Release;
		};
/* End XCConfigurationList section */
	};
	rootObject = 20851F3A2189D4BF004F1F6A /* Project object */;
}
